
Microsoft Visual Studio Solution File, Format Version 12.00
# Visual Studio 15
VisualStudioVersion = 15.0.26730.16
MinimumVisualStudioVersion = 10.0.40219.1
Project("{FAE04EC0-301F-11D3-BF4B-00C04F79EFBC}") = "Client", "Client\Client.csproj", "{94FA045C-B07B-4E06-B2B4-C38749E406BC}"
EndProject
Project("{FAE04EC0-301F-11D3-BF4B-00C04F79EFBC}") = "Core", "Core\Core.csproj", "{F9E10462-442B-4E0B-AED4-25B7C7D7F265}"
EndProject
Global
	GlobalSection(SolutionConfigurationPlatforms) = preSolution
		Debug|Any CPU = Debug|Any CPU
		Release|Any CPU = Release|Any CPU
	EndGlobalSection
	GlobalSection(ProjectConfigurationPlatforms) = postSolution
		{94FA045C-B07B-4E06-B2B4-C38749E406BC}.Debug|Any CPU.ActiveCfg = Debug|Any CPU
		{94FA045C-B07B-4E06-B2B4-C38749E406BC}.Debug|Any CPU.Build.0 = Debug|Any CPU
		{94FA045C-B07B-4E06-B2B4-C38749E406BC}.Release|Any CPU.ActiveCfg = Release|Any CPU
		{94FA045C-B07B-4E06-B2B4-C38749E406BC}.Release|Any CPU.Build.0 = Release|Any CPU
		{F9E10462-442B-4E0B-AED4-25B7C7D7F265}.Debug|Any CPU.ActiveCfg = Debug|Any CPU
		{F9E10462-442B-4E0B-AED4-25B7C7D7F265}.Debug|Any CPU.Build.0 = Debug|Any CPU
		{F9E10462-442B-4E0B-AED4-25B7C7D7F265}.Release|Any CPU.ActiveCfg = Release|Any CPU
		{F9E10462-442B-4E0B-AED4-25B7C7D7F265}.Release|Any CPU.Build.0 = Release|Any CPU
	EndGlobalSection
	GlobalSection(SolutionProperties) = preSolution
		HideSolutionNode = FALSE
	EndGlobalSection
	GlobalSection(ExtensibilityGlobals) = postSolution
		SolutionGuid = {3C301177-0519-48A6-949D-FDBA38A6D998}
	EndGlobalSection
EndGlobal
